
Microsoft Visual Studio Solution File, Format Version 12.00
# Visual Studio 15
VisualStudioVersion = 15.0.27428.2002
MinimumVisualStudioVersion = 10.0.40219.1
Project("{FAE04EC0-301F-11D3-BF4B-00C04F79EFBC}") = "YiXin.Core", "YiXin.Core\YiXin.Core.csproj", "{68D56095-367D-4AD8-828E-EFEBA70FA77A}"
EndProject
Global
	GlobalSection(SolutionConfigurationPlatforms) = preSolution
		Debug|Any CPU = Debug|Any CPU
		Release|Any CPU = Release|Any CPU
	EndGlobalSection
	GlobalSection(ProjectConfigurationPlatforms) = postSolution
		{68D56095-367D-4AD8-828E-EFEBA70FA77A}.Debug|Any CPU.ActiveCfg = Debug|Any CPU
		{68D56095-367D-4AD8-828E-EFEBA70FA77A}.Debug|Any CPU.Build.0 = Debug|Any CPU
		{68D56095-367D-4AD8-828E-EFEBA70FA77A}.Release|Any CPU.ActiveCfg = Release|Any CPU
		{68D56095-367D-4AD8-828E-EFEBA70FA77A}.Release|Any CPU.Build.0 = Release|Any CPU
	EndGlobalSection
	GlobalSection(SolutionProperties) = preSolution
		HideSolutionNode = FALSE
	EndGlobalSection
	GlobalSection(ExtensibilityGlobals) = postSolution
		SolutionGuid = {601228AC-0329-41E9-8140-33C06960B6FB}
	EndGlobalSection
EndGlobal
