
Microsoft Visual Studio Solution File, Format Version 12.00
# Visual Studio 15
VisualStudioVersion = 15.0.27428.2002
MinimumVisualStudioVersion = 10.0.40219.1
Project("{FAE04EC0-301F-11D3-BF4B-00C04F79EFBC}") = "YiXin.Core", "YiXin.Core\YiXin.Core.csproj", "{68D56095-367D-4AD8-828E-EFEBA70FA77A}"
EndProject
Project("{FAE04EC0-301F-11D3-BF4B-00C04F79EFBC}") = "YiXin.Quartz", "YiXin.Quartz\YiXin.Quartz.csproj", "{E80E76AB-F73E-48C4-9F0D-AFCB6B81E63E}"
EndProject
Project("{FAE04EC0-301F-11D3-BF4B-00C04F79EFBC}") = "YiXin.Hangfire", "YiXin.Hangfire\YiXin.Hangfire.csproj", "{03928A4F-6981-4148-93B9-BA38F545BB1D}"
EndProject
Project("{FAE04EC0-301F-11D3-BF4B-00C04F79EFBC}") = "YiXin.AspectCore", "YiXin.AspectCore\YiXin.AspectCore.csproj", "{A1E4F6D2-21FB-4332-B95D-7A87AEB95118}"
EndProject
Global
	GlobalSection(SolutionConfigurationPlatforms) = preSolution
		Debug|Any CPU = Debug|Any CPU
		Release|Any CPU = Release|Any CPU
	EndGlobalSection
	GlobalSection(ProjectConfigurationPlatforms) = postSolution
		{68D56095-367D-4AD8-828E-EFEBA70FA77A}.Debug|Any CPU.ActiveCfg = Debug|Any CPU
		{68D56095-367D-4AD8-828E-EFEBA70FA77A}.Debug|Any CPU.Build.0 = Debug|Any CPU
		{68D56095-367D-4AD8-828E-EFEBA70FA77A}.Release|Any CPU.ActiveCfg = Release|Any CPU
		{68D56095-367D-4AD8-828E-EFEBA70FA77A}.Release|Any CPU.Build.0 = Release|Any CPU
		{E80E76AB-F73E-48C4-9F0D-AFCB6B81E63E}.Debug|Any CPU.ActiveCfg = Debug|Any CPU
		{E80E76AB-F73E-48C4-9F0D-AFCB6B81E63E}.Debug|Any CPU.Build.0 = Debug|Any CPU
		{E80E76AB-F73E-48C4-9F0D-AFCB6B81E63E}.Release|Any CPU.ActiveCfg = Release|Any CPU
		{E80E76AB-F73E-48C4-9F0D-AFCB6B81E63E}.Release|Any CPU.Build.0 = Release|Any CPU
		{03928A4F-6981-4148-93B9-BA38F545BB1D}.Debug|Any CPU.ActiveCfg = Debug|Any CPU
		{03928A4F-6981-4148-93B9-BA38F545BB1D}.Debug|Any CPU.Build.0 = Debug|Any CPU
		{03928A4F-6981-4148-93B9-BA38F545BB1D}.Release|Any CPU.ActiveCfg = Release|Any CPU
		{03928A4F-6981-4148-93B9-BA38F545BB1D}.Release|Any CPU.Build.0 = Release|Any CPU
		{A1E4F6D2-21FB-4332-B95D-7A87AEB95118}.Debug|Any CPU.ActiveCfg = Debug|Any CPU
		{A1E4F6D2-21FB-4332-B95D-7A87AEB95118}.Debug|Any CPU.Build.0 = Debug|Any CPU
		{A1E4F6D2-21FB-4332-B95D-7A87AEB95118}.Release|Any CPU.ActiveCfg = Release|Any CPU
		{A1E4F6D2-21FB-4332-B95D-7A87AEB95118}.Release|Any CPU.Build.0 = Release|Any CPU
	EndGlobalSection
	GlobalSection(SolutionProperties) = preSolution
		HideSolutionNode = FALSE
	EndGlobalSection
	GlobalSection(ExtensibilityGlobals) = postSolution
		SolutionGuid = {601228AC-0329-41E9-8140-33C06960B6FB}
	EndGlobalSection
EndGlobal
